// !$*UTF8*$!
{
	archiveVersion = 1;
	classes = {
	};
	objectVersion = 56;
	objects = {

/* Begin PBXBuildFile section */
		CEA81A5A291AA0B300B87E0C /* dayzerApp.swift in Sources */ = {isa = PBXBuildFile; fileRef = CEA81A59291AA0B300B87E0C /* dayzerApp.swift */; };
		CEA81A5C291AA0B300B87E0C /* ContentView.swift in Sources */ = {isa = PBXBuildFile; fileRef = CEA81A5B291AA0B300B87E0C /* ContentView.swift */; };
		CEA81A5E291AA0B500B87E0C /* Assets.xcassets in Resources */ = {isa = PBXBuildFile; fileRef = CEA81A5D291AA0B500B87E0C /* Assets.xcassets */; };
		CEA81A61291AA0B500B87E0C /* Preview Assets.xcassets in Resources */ = {isa = PBXBuildFile; fileRef = CEA81A60291AA0B500B87E0C /* Preview Assets.xcassets */; };
		CEA81A6B291AA0B500B87E0C /* dayzerTests.swift in Sources */ = {isa = PBXBuildFile; fileRef = CEA81A6A291AA0B500B87E0C /* dayzerTests.swift */; };
		CEA81A75291AA0B500B87E0C /* dayzerUITests.swift in Sources */ = {isa = PBXBuildFile; fileRef = CEA81A74291AA0B500B87E0C /* dayzerUITests.swift */; };
		CEA81A77291AA0B500B87E0C /* dayzerUITestsLaunchTests.swift in Sources */ = {isa = PBXBuildFile; fileRef = CEA81A76291AA0B500B87E0C /* dayzerUITestsLaunchTests.swift */; };
/* End PBXBuildFile section */

/* Begin PBXContainerItemProxy section */
		CEA81A67291AA0B500B87E0C /* PBXContainerItemProxy */ = {
			isa = PBXContainerItemProxy;
			containerPortal = CEA81A4E291AA0B300B87E0C /* Project object */;
			proxyType = 1;
			remoteGlobalIDString = CEA81A55291AA0B300B87E0C;
			remoteInfo = dayzer;
		};
		CEA81A71291AA0B500B87E0C /* PBXContainerItemProxy */ = {
			isa = PBXContainerItemProxy;
			containerPortal = CEA81A4E291AA0B300B87E0C /* Project object */;
			proxyType = 1;
			remoteGlobalIDString = CEA81A55291AA0B300B87E0C;
			remoteInfo = dayzer;
		};
/* End PBXContainerItemProxy section */

/* Begin PBXFileReference section */
		CEA81A56291AA0B300B87E0C /* dayzer.app */ = {isa = PBXFileReference; explicitFileType = wrapper.application; includeInIndex = 0; path = dayzer.app; sourceTree = BUILT_PRODUCTS_DIR; };
		CEA81A59291AA0B300B87E0C /* dayzerApp.swift */ = {isa = PBXFileReference; lastKnownFileType = sourcecode.swift; path = dayzerApp.swift; sourceTree = "<group>"; };
		CEA81A5B291AA0B300B87E0C /* ContentView.swift */ = {isa = PBXFileReference; lastKnownFileType = sourcecode.swift; path = ContentView.swift; sourceTree = "<group>"; };
		CEA81A5D291AA0B500B87E0C /* Assets.xcassets */ = {isa = PBXFileReference; lastKnownFileType = folder.assetcatalog; path = Assets.xcassets; sourceTree = "<group>"; };
		CEA81A60291AA0B500B87E0C /* Preview Assets.xcassets */ = {isa = PBXFileReference; lastKnownFileType = folder.assetcatalog; path = "Preview Assets.xcassets"; sourceTree = "<group>"; };
		CEA81A66291AA0B500B87E0C /* dayzerTests.xctest */ = {isa = PBXFileReference; explicitFileType = wrapper.cfbundle; includeInIndex = 0; path = dayzerTests.xctest; sourceTree = BUILT_PRODUCTS_DIR; };
		CEA81A6A291AA0B500B87E0C /* dayzerTests.swift */ = {isa = PBXFileReference; lastKnownFileType = sourcecode.swift; path = dayzerTests.swift; sourceTree = "<group>"; };
		CEA81A70291AA0B500B87E0C /* dayzerUITests.xctest */ = {isa = PBXFileReference; explicitFileType = wrapper.cfbundle; includeInIndex = 0; path = dayzerUITests.xctest; sourceTree = BUILT_PRODUCTS_DIR; };
		CEA81A74291AA0B500B87E0C /* dayzerUITests.swift */ = {isa = PBXFileReference; lastKnownFileType = sourcecode.swift; path = dayzerUITests.swift; sourceTree = "<group>"; };
		CEA81A76291AA0B500B87E0C /* dayzerUITestsLaunchTests.swift */ = {isa = PBXFileReference; lastKnownFileType = sourcecode.swift; path = dayzerUITestsLaunchTests.swift; sourceTree = "<group>"; };
/* End PBXFileReference section */

/* Begin PBXFrameworksBuildPhase section */
		CEA81A53291AA0B300B87E0C /* Frameworks */ = {
			isa = PBXFrameworksBuildPhase;
			buildActionMask = 2147483647;
			files = (
			);
			runOnlyForDeploymentPostprocessing = 0;
		};
		CEA81A63291AA0B500B87E0C /* Frameworks */ = {
			isa = PBXFrameworksBuildPhase;
			buildActionMask = 2147483647;
			files = (
			);
			runOnlyForDeploymentPostprocessing = 0;
		};
		CEA81A6D291AA0B500B87E0C /* Frameworks */ = {
			isa = PBXFrameworksBuildPhase;
			buildActionMask = 2147483647;
			files = (
			);
			runOnlyForDeploymentPostprocessing = 0;
		};
/* End PBXFrameworksBuildPhase section */

/* Begin PBXGroup section */
		CEA81A4D291AA0B300B87E0C = {
			isa = PBXGroup;
			children = (
				CEA81A58291AA0B300B87E0C /* dayzer */,
				CEA81A69291AA0B500B87E0C /* dayzerTests */,
				CEA81A73291AA0B500B87E0C /* dayzerUITests */,
				CEA81A57291AA0B300B87E0C /* Products */,
			);
			sourceTree = "<group>";
		};
		CEA81A57291AA0B300B87E0C /* Products */ = {
			isa = PBXGroup;
			children = (
				CEA81A56291AA0B300B87E0C /* dayzer.app */,
				CEA81A66291AA0B500B87E0C /* dayzerTests.xctest */,
				CEA81A70291AA0B500B87E0C /* dayzerUITests.xctest */,
			);
			name = Products;
			sourceTree = "<group>";
		};
		CEA81A58291AA0B300B87E0C /* dayzer */ = {
			isa = PBXGroup;
			children = (
				CEA81A59291AA0B300B87E0C /* dayzerApp.swift */,
				CEA81A5B291AA0B300B87E0C /* ContentView.swift */,
				CEA81A5D291AA0B500B87E0C /* Assets.xcassets */,
				CEA81A5F291AA0B500B87E0C /* Preview Content */,
			);
			path = dayzer;
			sourceTree = "<group>";
		};
		CEA81A5F291AA0B500B87E0C /* Preview Content */ = {
			isa = PBXGroup;
			children = (
				CEA81A60291AA0B500B87E0C /* Preview Assets.xcassets */,
			);
			path = "Preview Content";
			sourceTree = "<group>";
		};
		CEA81A69291AA0B500B87E0C /* dayzerTests */ = {
			isa = PBXGroup;
			children = (
				CEA81A6A291AA0B500B87E0C /* dayzerTests.swift */,
			);
			path = dayzerTests;
			sourceTree = "<group>";
		};
		CEA81A73291AA0B500B87E0C /* dayzerUITests */ = {
			isa = PBXGroup;
			children = (
				CEA81A74291AA0B500B87E0C /* dayzerUITests.swift */,
				CEA81A76291AA0B500B87E0C /* dayzerUITestsLaunchTests.swift */,
			);
			path = dayzerUITests;
			sourceTree = "<group>";
		};
/* End PBXGroup section */

/* Begin PBXNativeTarget section */
		CEA81A55291AA0B300B87E0C /* dayzer */ = {
			isa = PBXNativeTarget;
			buildConfigurationList = CEA81A7A291AA0B500B87E0C /* Build configuration list for PBXNativeTarget "dayzer" */;
			buildPhases = (
				CEA81A52291AA0B300B87E0C /* Sources */,
				CEA81A53291AA0B300B87E0C /* Frameworks */,
				CEA81A54291AA0B300B87E0C /* Resources */,
			);
			buildRules = (
			);
			dependencies = (
			);
			name = dayzer;
			productName = dayzer;
			productReference = CEA81A56291AA0B300B87E0C /* dayzer.app */;
			productType = "com.apple.product-type.application";
		};
		CEA81A65291AA0B500B87E0C /* dayzerTests */ = {
			isa = PBXNativeTarget;
			buildConfigurationList = CEA81A7D291AA0B500B87E0C /* Build configuration list for PBXNativeTarget "dayzerTests" */;
			buildPhases = (
				CEA81A62291AA0B500B87E0C /* Sources */,
				CEA81A63291AA0B500B87E0C /* Frameworks */,
				CEA81A64291AA0B500B87E0C /* Resources */,
			);
			buildRules = (
			);
			dependencies = (
				CEA81A68291AA0B500B87E0C /* PBXTargetDependency */,
			);
			name = dayzerTests;
			productName = dayzerTests;
			productReference = CEA81A66291AA0B500B87E0C /* dayzerTests.xctest */;
			productType = "com.apple.product-type.bundle.unit-test";
		};
		CEA81A6F291AA0B500B87E0C /* dayzerUITests */ = {
			isa = PBXNativeTarget;
			buildConfigurationList = CEA81A80291AA0B500B87E0C /* Build configuration list for PBXNativeTarget "dayzerUITests" */;
			buildPhases = (
				CEA81A6C291AA0B500B87E0C /* Sources */,
				CEA81A6D291AA0B500B87E0C /* Frameworks */,
				CEA81A6E291AA0B500B87E0C /* Resources */,
			);
			buildRules = (
			);
			dependencies = (
				CEA81A72291AA0B500B87E0C /* PBXTargetDependency */,
			);
			name = dayzerUITests;
			productName = dayzerUITests;
			productReference = CEA81A70291AA0B500B87E0C /* dayzerUITests.xctest */;
			productType = "com.apple.product-type.bundle.ui-testing";
		};
/* End PBXNativeTarget section */

/* Begin PBXProject section */
		CEA81A4E291AA0B300B87E0C /* Project object */ = {
			isa = PBXProject;
			attributes = {
				BuildIndependentTargetsInParallel = 1;
				LastSwiftUpdateCheck = 1410;
				LastUpgradeCheck = 1410;
				TargetAttributes = {
					CEA81A55291AA0B300B87E0C = {
						CreatedOnToolsVersion = 14.1;
					};
					CEA81A65291AA0B500B87E0C = {
						CreatedOnToolsVersion = 14.1;
						TestTargetID = CEA81A55291AA0B300B87E0C;
					};
					CEA81A6F291AA0B500B87E0C = {
						CreatedOnToolsVersion = 14.1;
						TestTargetID = CEA81A55291AA0B300B87E0C;
					};
				};
			};
			buildConfigurationList = CEA81A51291AA0B300B87E0C /* Build configuration list for PBXProject "dayzer" */;
			compatibilityVersion = "Xcode 14.0";
			developmentRegion = en;
			hasScannedForEncodings = 0;
			knownRegions = (
				en,
				Base,
			);
			mainGroup = CEA81A4D291AA0B300B87E0C;
			productRefGroup = CEA81A57291AA0B300B87E0C /* Products */;
			projectDirPath = "";
			projectRoot = "";
			targets = (
				CEA81A55291AA0B300B87E0C /* dayzer */,
				CEA81A65291AA0B500B87E0C /* dayzerTests */,
				CEA81A6F291AA0B500B87E0C /* dayzerUITests */,
			);
		};
/* End PBXProject section */

/* Begin PBXResourcesBuildPhase section */
		CEA81A54291AA0B300B87E0C /* Resources */ = {
			isa = PBXResourcesBuildPhase;
			buildActionMask = 2147483647;
			files = (
				CEA81A61291AA0B500B87E0C /* Preview Assets.xcassets in Resources */,
				CEA81A5E291AA0B500B87E0C /* Assets.xcassets in Resources */,
			);
			runOnlyForDeploymentPostprocessing = 0;
		};
		CEA81A64291AA0B500B87E0C /* Resources */ = {
			isa = PBXResourcesBuildPhase;
			buildActionMask = 2147483647;
			files = (
			);
			runOnlyForDeploymentPostprocessing = 0;
		};
		CEA81A6E291AA0B500B87E0C /* Resources */ = {
			isa = PBXResourcesBuildPhase;
			buildActionMask = 2147483647;
			files = (
			);
			runOnlyForDeploymentPostprocessing = 0;
		};
/* End PBXResourcesBuildPhase section */

/* Begin PBXSourcesBuildPhase section */
		CEA81A52291AA0B300B87E0C /* Sources */ = {
			isa = PBXSourcesBuildPhase;
			buildActionMask = 2147483647;
			files = (
				CEA81A5C291AA0B300B87E0C /* ContentView.swift in Sources */,
				CEA81A5A291AA0B300B87E0C /* dayzerApp.swift in Sources */,
			);
			runOnlyForDeploymentPostprocessing = 0;
		};
		CEA81A62291AA0B500B87E0C /* Sources */ = {
			isa = PBXSourcesBuildPhase;
			buildActionMask = 2147483647;
			files = (
				CEA81A6B291AA0B500B87E0C /* dayzerTests.swift in Sources */,
			);
			runOnlyForDeploymentPostprocessing = 0;
		};
		CEA81A6C291AA0B500B87E0C /* Sources */ = {
			isa = PBXSourcesBuildPhase;
			buildActionMask = 2147483647;
			files = (
				CEA81A75291AA0B500B87E0C /* dayzerUITests.swift in Sources */,
				CEA81A77291AA0B500B87E0C /* dayzerUITestsLaunchTests.swift in Sources */,
			);
			runOnlyForDeploymentPostprocessing = 0;
		};
/* End PBXSourcesBuildPhase section */

/* Begin PBXTargetDependency section */
		CEA81A68291AA0B500B87E0C /* PBXTargetDependency */ = {
			isa = PBXTargetDependency;
			target = CEA81A55291AA0B300B87E0C /* dayzer */;
			targetProxy = CEA81A67291AA0B500B87E0C /* PBXContainerItemProxy */;
		};
		CEA81A72291AA0B500B87E0C /* PBXTargetDependency */ = {
			isa = PBXTargetDependency;
			target = CEA81A55291AA0B300B87E0C /* dayzer */;
			targetProxy = CEA81A71291AA0B500B87E0C /* PBXContainerItemProxy */;
		};
/* End PBXTargetDependency section */

/* Begin XCBuildConfiguration section */
		CEA81A78291AA0B500B87E0C /* Debug */ = {
			isa = XCBuildConfiguration;
			buildSettings = {
				ALWAYS_SEARCH_USER_PATHS = NO;
				CLANG_ANALYZER_NONNULL = YES;
				CLANG_ANALYZER_NUMBER_OBJECT_CONVERSION = YES_AGGRESSIVE;
				CLANG_CXX_LANGUAGE_STANDARD = "gnu++20";
				CLANG_ENABLE_MODULES = YES;
				CLANG_ENABLE_OBJC_ARC = YES;
				CLANG_ENABLE_OBJC_WEAK = YES;
				CLANG_WARN_BLOCK_CAPTURE_AUTORELEASING = YES;
				CLANG_WARN_BOOL_CONVERSION = YES;
				CLANG_WARN_COMMA = YES;
				CLANG_WARN_CONSTANT_CONVERSION = YES;
				CLANG_WARN_DEPRECATED_OBJC_IMPLEMENTATIONS = YES;
				CLANG_WARN_DIRECT_OBJC_ISA_USAGE = YES_ERROR;
				CLANG_WARN_DOCUMENTATION_COMMENTS = YES;
				CLANG_WARN_EMPTY_BODY = YES;
				CLANG_WARN_ENUM_CONVERSION = YES;
				CLANG_WARN_INFINITE_RECURSION = YES;
				CLANG_WARN_INT_CONVERSION = YES;
				CLANG_WARN_NON_LITERAL_NULL_CONVERSION = YES;
				CLANG_WARN_OBJC_IMPLICIT_RETAIN_SELF = YES;
				CLANG_WARN_OBJC_LITERAL_CONVERSION = YES;
				CLANG_WARN_OBJC_ROOT_CLASS = YES_ERROR;
				CLANG_WARN_QUOTED_INCLUDE_IN_FRAMEWORK_HEADER = YES;
				CLANG_WARN_RANGE_LOOP_ANALYSIS = YES;
				CLANG_WARN_STRICT_PROTOTYPES = YES;
				CLANG_WARN_SUSPICIOUS_MOVE = YES;
				CLANG_WARN_UNGUARDED_AVAILABILITY = YES_AGGRESSIVE;
				CLANG_WARN_UNREACHABLE_CODE = YES;
				CLANG_WARN__DUPLICATE_METHOD_MATCH = YES;
				COPY_PHASE_STRIP = NO;
				DEBUG_INFORMATION_FORMAT = dwarf;
				ENABLE_STRICT_OBJC_MSGSEND = YES;
				ENABLE_TESTABILITY = YES;
				GCC_C_LANGUAGE_STANDARD = gnu11;
				GCC_DYNAMIC_NO_PIC = NO;
				GCC_NO_COMMON_BLOCKS = YES;
				GCC_OPTIMIZATION_LEVEL = 0;
				GCC_PREPROCESSOR_DEFINITIONS = (
					"DEBUG=1",
					"$(inherited)",
				);
				GCC_WARN_64_TO_32_BIT_CONVERSION = YES;
				GCC_WARN_ABOUT_RETURN_TYPE = YES_ERROR;
				GCC_WARN_UNDECLARED_SELECTOR = YES;
				GCC_WARN_UNINITIALIZED_AUTOS = YES_AGGRESSIVE;
				GCC_WARN_UNUSED_FUNCTION = YES;
				GCC_WARN_UNUSED_VARIABLE = YES;
				IPHONEOS_DEPLOYMENT_TARGET = 16.1;
				MTL_ENABLE_DEBUG_INFO = INCLUDE_SOURCE;
				MTL_FAST_MATH = YES;
				ONLY_ACTIVE_ARCH = YES;
				SDKROOT = iphoneos;
				SWIFT_ACTIVE_COMPILATION_CONDITIONS = DEBUG;
				SWIFT_OPTIMIZATION_LEVEL = "-Onone";
			};
			name = Debug;
		};
		CEA81A79291AA0B500B87E0C /* Release */ = {
			isa = XCBuildConfiguration;
			buildSettings = {
				ALWAYS_SEARCH_USER_PATHS = NO;
				CLANG_ANALYZER_NONNULL = YES;
				CLANG_ANALYZER_NUMBER_OBJECT_CONVERSION = YES_AGGRESSIVE;
				CLANG_CXX_LANGUAGE_STANDARD = "gnu++20";
				CLANG_ENABLE_MODULES = YES;
				CLANG_ENABLE_OBJC_ARC = YES;
				CLANG_ENABLE_OBJC_WEAK = YES;
				CLANG_WARN_BLOCK_CAPTURE_AUTORELEASING = YES;
				CLANG_WARN_BOOL_CONVERSION = YES;
				CLANG_WARN_COMMA = YES;
				CLANG_WARN_CONSTANT_CONVERSION = YES;
				CLANG_WARN_DEPRECATED_OBJC_IMPLEMENTATIONS = YES;
				CLANG_WARN_DIRECT_OBJC_ISA_USAGE = YES_ERROR;
				CLANG_WARN_DOCUMENTATION_COMMENTS = YES;
				CLANG_WARN_EMPTY_BODY = YES;
				CLANG_WARN_ENUM_CONVERSION = YES;
				CLANG_WARN_INFINITE_RECURSION = YES;
				CLANG_WARN_INT_CONVERSION = YES;
				CLANG_WARN_NON_LITERAL_NULL_CONVERSION = YES;
				CLANG_WARN_OBJC_IMPLICIT_RETAIN_SELF = YES;
				CLANG_WARN_OBJC_LITERAL_CONVERSION = YES;
				CLANG_WARN_OBJC_ROOT_CLASS = YES_ERROR;
				CLANG_WARN_QUOTED_INCLUDE_IN_FRAMEWORK_HEADER = YES;
				CLANG_WARN_RANGE_LOOP_ANALYSIS = YES;
				CLANG_WARN_STRICT_PROTOTYPES = YES;
				CLANG_WARN_SUSPICIOUS_MOVE = YES;
				CLANG_WARN_UNGUARDED_AVAILABILITY = YES_AGGRESSIVE;
				CLANG_WARN_UNREACHABLE_CODE = YES;
				CLANG_WARN__DUPLICATE_METHOD_MATCH = YES;
				COPY_PHASE_STRIP = NO;
				DEBUG_INFORMATION_FORMAT = "dwarf-with-dsym";
				ENABLE_NS_ASSERTIONS = NO;
				ENABLE_STRICT_OBJC_MSGSEND = YES;
				GCC_C_LANGUAGE_STANDARD = gnu11;
				GCC_NO_COMMON_BLOCKS = YES;
				GCC_WARN_64_TO_32_BIT_CONVERSION = YES;
				GCC_WARN_ABOUT_RETURN_TYPE = YES_ERROR;
				GCC_WARN_UNDECLARED_SELECTOR = YES;
				GCC_WARN_UNINITIALIZED_AUTOS = YES_AGGRESSIVE;
				GCC_WARN_UNUSED_FUNCTION = YES;
				GCC_WARN_UNUSED_VARIABLE = YES;
				IPHONEOS_DEPLOYMENT_TARGET = 16.1;
				MTL_ENABLE_DEBUG_INFO = NO;
				MTL_FAST_MATH = YES;
				SDKROOT = iphoneos;
				SWIFT_COMPILATION_MODE = wholemodule;
				SWIFT_OPTIMIZATION_LEVEL = "-O";
				VALIDATE_PRODUCT = YES;
			};
			name = Release;
		};
		CEA81A7B291AA0B500B87E0C /* Debug */ = {
			isa = XCBuildConfiguration;
			buildSettings = {
				ASSETCATALOG_COMPILER_APPICON_NAME = AppIcon;
				ASSETCATALOG_COMPILER_GLOBAL_ACCENT_COLOR_NAME = AccentColor;
				CODE_SIGN_STYLE = Automatic;
				CURRENT_PROJECT_VERSION = 1;
				DEVELOPMENT_ASSET_PATHS = "\"dayzer/Preview Content\"";
				DEVELOPMENT_TEAM = T32W6V32ZG;
				ENABLE_PREVIEWS = YES;
				GENERATE_INFOPLIST_FILE = YES;
				INFOPLIST_KEY_UIApplicationSceneManifest_Generation = YES;
				INFOPLIST_KEY_UIApplicationSupportsIndirectInputEvents = YES;
				INFOPLIST_KEY_UILaunchScreen_Generation = YES;
				INFOPLIST_KEY_UISupportedInterfaceOrientations_iPad = "UIInterfaceOrientationPortrait UIInterfaceOrientationPortraitUpsideDown UIInterfaceOrientationLandscapeLeft UIInterfaceOrientationLandscapeRight";
				INFOPLIST_KEY_UISupportedInterfaceOrientations_iPhone = "UIInterfaceOrientationPortrait UIInterfaceOrientationLandscapeLeft UIInterfaceOrientationLandscapeRight";
				LD_RUNPATH_SEARCH_PATHS = (
					"$(inherited)",
					"@executable_path/Frameworks",
				);
				MARKETING_VERSION = 1.0;
				PRODUCT_BUNDLE_IDENTIFIER = com.kirandroid.dayzer;
				PRODUCT_NAME = "$(TARGET_NAME)";
				SWIFT_EMIT_LOC_STRINGS = YES;
				SWIFT_VERSION = 5.0;
				TARGETED_DEVICE_FAMILY = "1,2";
			};
			name = Debug;
		};
		CEA81A7C291AA0B500B87E0C /* Release */ = {
			isa = XCBuildConfiguration;
			buildSettings = {
				ASSETCATALOG_COMPILER_APPICON_NAME = AppIcon;
				ASSETCATALOG_COMPILER_GLOBAL_ACCENT_COLOR_NAME = AccentColor;
				CODE_SIGN_STYLE = Automatic;
				CURRENT_PROJECT_VERSION = 1;
				DEVELOPMENT_ASSET_PATHS = "\"dayzer/Preview Content\"";
				DEVELOPMENT_TEAM = T32W6V32ZG;
				ENABLE_PREVIEWS = YES;
				GENERATE_INFOPLIST_FILE = YES;
				INFOPLIST_KEY_UIApplicationSceneManifest_Generation = YES;
				INFOPLIST_KEY_UIApplicationSupportsIndirectInputEvents = YES;
				INFOPLIST_KEY_UILaunchScreen_Generation = YES;
				INFOPLIST_KEY_UISupportedInterfaceOrientations_iPad = "UIInterfaceOrientationPortrait UIInterfaceOrientationPortraitUpsideDown UIInterfaceOrientationLandscapeLeft UIInterfaceOrientationLandscapeRight";
				INFOPLIST_KEY_UISupportedInterfaceOrientations_iPhone = "UIInterfaceOrientationPortrait UIInterfaceOrientationLandscapeLeft UIInterfaceOrientationLandscapeRight";
				LD_RUNPATH_SEARCH_PATHS = (
					"$(inherited)",
					"@executable_path/Frameworks",
				);
				MARKETING_VERSION = 1.0;
				PRODUCT_BUNDLE_IDENTIFIER = com.kirandroid.dayzer;
				PRODUCT_NAME = "$(TARGET_NAME)";
				SWIFT_EMIT_LOC_STRINGS = YES;
				SWIFT_VERSION = 5.0;
				TARGETED_DEVICE_FAMILY = "1,2";
			};
			name = Release;
		};
		CEA81A7E291AA0B500B87E0C /* Debug */ = {
			isa = XCBuildConfiguration;
			buildSettings = {
				ALWAYS_EMBED_SWIFT_STANDARD_LIBRARIES = YES;
				BUNDLE_LOADER = "$(TEST_HOST)";
				CODE_SIGN_STYLE = Automatic;
				CURRENT_PROJECT_VERSION = 1;
				DEVELOPMENT_TEAM = T32W6V32ZG;
				GENERATE_INFOPLIST_FILE = YES;
				IPHONEOS_DEPLOYMENT_TARGET = 16.1;
				MARKETING_VERSION = 1.0;
				PRODUCT_BUNDLE_IDENTIFIER = com.kirandroid.dayzerTests;
				PRODUCT_NAME = "$(TARGET_NAME)";
				SWIFT_EMIT_LOC_STRINGS = NO;
				SWIFT_VERSION = 5.0;
				TARGETED_DEVICE_FAMILY = "1,2";
				TEST_HOST = "$(BUILT_PRODUCTS_DIR)/dayzer.app/$(BUNDLE_EXECUTABLE_FOLDER_PATH)/dayzer";
			};
			name = Debug;
		};
		CEA81A7F291AA0B500B87E0C /* Release */ = {
			isa = XCBuildConfiguration;
			buildSettings = {
				ALWAYS_EMBED_SWIFT_STANDARD_LIBRARIES = YES;
				BUNDLE_LOADER = "$(TEST_HOST)";
				CODE_SIGN_STYLE = Automatic;
				CURRENT_PROJECT_VERSION = 1;
				DEVELOPMENT_TEAM = T32W6V32ZG;
				GENERATE_INFOPLIST_FILE = YES;
				IPHONEOS_DEPLOYMENT_TARGET = 16.1;
				MARKETING_VERSION = 1.0;
				PRODUCT_BUNDLE_IDENTIFIER = com.kirandroid.dayzerTests;
				PRODUCT_NAME = "$(TARGET_NAME)";
				SWIFT_EMIT_LOC_STRINGS = NO;
				SWIFT_VERSION = 5.0;
				TARGETED_DEVICE_FAMILY = "1,2";
				TEST_HOST = "$(BUILT_PRODUCTS_DIR)/dayzer.app/$(BUNDLE_EXECUTABLE_FOLDER_PATH)/dayzer";
			};
			name = Release;
		};
		CEA81A81291AA0B500B87E0C /* Debug */ = {
			isa = XCBuildConfiguration;
			buildSettings = {
				ALWAYS_EMBED_SWIFT_STANDARD_LIBRARIES = YES;
				CODE_SIGN_STYLE = Automatic;
				CURRENT_PROJECT_VERSION = 1;
				DEVELOPMENT_TEAM = T32W6V32ZG;
				GENERATE_INFOPLIST_FILE = YES;
				MARKETING_VERSION = 1.0;
				PRODUCT_BUNDLE_IDENTIFIER = com.kirandroid.dayzerUITests;
				PRODUCT_NAME = "$(TARGET_NAME)";
				SWIFT_EMIT_LOC_STRINGS = NO;
				SWIFT_VERSION = 5.0;
				TARGETED_DEVICE_FAMILY = "1,2";
				TEST_TARGET_NAME = dayzer;
			};
			name = Debug;
		};
		CEA81A82291AA0B500B87E0C /* Release */ = {
			isa = XCBuildConfiguration;
			buildSettings = {
				ALWAYS_EMBED_SWIFT_STANDARD_LIBRARIES = YES;
				CODE_SIGN_STYLE = Automatic;
				CURRENT_PROJECT_VERSION = 1;
				DEVELOPMENT_TEAM = T32W6V32ZG;
				GENERATE_INFOPLIST_FILE = YES;
				MARKETING_VERSION = 1.0;
				PRODUCT_BUNDLE_IDENTIFIER = com.kirandroid.dayzerUITests;
				PRODUCT_NAME = "$(TARGET_NAME)";
				SWIFT_EMIT_LOC_STRINGS = NO;
				SWIFT_VERSION = 5.0;
				TARGETED_DEVICE_FAMILY = "1,2";
				TEST_TARGET_NAME = dayzer;
			};
			name = Release;
		};
/* End XCBuildConfiguration section */

/* Begin XCConfigurationList section */
		CEA81A51291AA0B300B87E0C /* Build configuration list for PBXProject "dayzer" */ = {
			isa = XCConfigurationList;
			buildConfigurations = (
				CEA81A78291AA0B500B87E0C /* Debug */,
				CEA81A79291AA0B500B87E0C /* Release */,
			);
			defaultConfigurationIsVisible = 0;
			defaultConfigurationName = Release;
		};
		CEA81A7A291AA0B500B87E0C /* Build configuration list for PBXNativeTarget "dayzer" */ = {
			isa = XCConfigurationList;
			buildConfigurations = (
				CEA81A7B291AA0B500B87E0C /* Debug */,
				CEA81A7C291AA0B500B87E0C /* Release */,
			);
			defaultConfigurationIsVisible = 0;
			defaultConfigurationName = Release;
		};
		CEA81A7D291AA0B500B87E0C /* Build configuration list for PBXNativeTarget "dayzerTests" */ = {
			isa = XCConfigurationList;
			buildConfigurations = (
				CEA81A7E291AA0B500B87E0C /* Debug */,
				CEA81A7F291AA0B500B87E0C /* Release */,
			);
			defaultConfigurationIsVisible = 0;
			defaultConfigurationName = Release;
		};
		CEA81A80291AA0B500B87E0C /* Build configuration list for PBXNativeTarget "dayzerUITests" */ = {
			isa = XCConfigurationList;
			buildConfigurations = (
				CEA81A81291AA0B500B87E0C /* Debug */,
				CEA81A82291AA0B500B87E0C /* Release */,
			);
			defaultConfigurationIsVisible = 0;
			defaultConfigurationName = Release;
		};
/* End XCConfigurationList section */
	};
	rootObject = CEA81A4E291AA0B300B87E0C /* Project object */;
}
